
Microsoft Visual Studio Solution File, Format Version 12.00
# Visual Studio Version 17
VisualStudioVersion = 17.5.33424.131
MinimumVisualStudioVersion = 10.0.40219.1
Project("{9A19103F-16F7-4668-BE54-9A1E7A4F7556}") = "E-shopWebApi", "E-shopWebApi\E-shopWebApi.csproj", "{2ABAD7A1-6441-4A51-83B3-1C54B985EFD5}"
EndProject
Project("{9A19103F-16F7-4668-BE54-9A1E7A4F7556}") = "E-shopDAL", "E-shopDAL\E-shopDAL.csproj", "{EFE07889-B430-4EB8-A2A0-DD23046F7A68}"
EndProject
Project("{FAE04EC0-301F-11D3-BF4B-00C04F79EFBC}") = "E-shopClient", "E-shopClient\E-shopClient.csproj", "{807A680F-9AFF-4E19-ADFF-4EF627DDDBD0}"
EndProject
Global
	GlobalSection(SolutionConfigurationPlatforms) = preSolution
		Debug|Any CPU = Debug|Any CPU
		Release|Any CPU = Release|Any CPU
	EndGlobalSection
	GlobalSection(ProjectConfigurationPlatforms) = postSolution
		{2ABAD7A1-6441-4A51-83B3-1C54B985EFD5}.Debug|Any CPU.ActiveCfg = Debug|Any CPU
		{2ABAD7A1-6441-4A51-83B3-1C54B985EFD5}.Debug|Any CPU.Build.0 = Debug|Any CPU
		{2ABAD7A1-6441-4A51-83B3-1C54B985EFD5}.Release|Any CPU.ActiveCfg = Release|Any CPU
		{2ABAD7A1-6441-4A51-83B3-1C54B985EFD5}.Release|Any CPU.Build.0 = Release|Any CPU
		{EFE07889-B430-4EB8-A2A0-DD23046F7A68}.Debug|Any CPU.ActiveCfg = Debug|Any CPU
		{EFE07889-B430-4EB8-A2A0-DD23046F7A68}.Debug|Any CPU.Build.0 = Debug|Any CPU
		{EFE07889-B430-4EB8-A2A0-DD23046F7A68}.Release|Any CPU.ActiveCfg = Release|Any CPU
		{EFE07889-B430-4EB8-A2A0-DD23046F7A68}.Release|Any CPU.Build.0 = Release|Any CPU
		{807A680F-9AFF-4E19-ADFF-4EF627DDDBD0}.Debug|Any CPU.ActiveCfg = Debug|Any CPU
		{807A680F-9AFF-4E19-ADFF-4EF627DDDBD0}.Debug|Any CPU.Build.0 = Debug|Any CPU
		{807A680F-9AFF-4E19-ADFF-4EF627DDDBD0}.Release|Any CPU.ActiveCfg = Release|Any CPU
		{807A680F-9AFF-4E19-ADFF-4EF627DDDBD0}.Release|Any CPU.Build.0 = Release|Any CPU
	EndGlobalSection
	GlobalSection(SolutionProperties) = preSolution
		HideSolutionNode = FALSE
	EndGlobalSection
	GlobalSection(ExtensibilityGlobals) = postSolution
		SolutionGuid = {756297A9-FB0B-4E5D-8701-177DCE8B9CD9}
	EndGlobalSection
EndGlobal
